// !$*UTF8*$!
{
	archiveVersion = 1;
	classes = {
	};
	objectVersion = 56;
	objects = {

/* Begin PBXBuildFile section */
		AA000001 /* trossachs_navigation_app.swift in Sources */ = {isa = PBXBuildFile; fileRef = AA100001 /* trossachs_navigation_app.swift */; };
		AA000002 /* web_view.swift in Sources */ = {isa = PBXBuildFile; fileRef = AA100002 /* web_view.swift */; };
		AA000003 /* content_view.swift in Sources */ = {isa = PBXBuildFile; fileRef = AA100003 /* content_view.swift */; };
		AA000007 /* stable_text_field.swift in Sources */ = {isa = PBXBuildFile; fileRef = AA100007 /* stable_text_field.swift */; };
		AA000004 /* trossachs_route_planner.html in Resources */ = {isa = PBXBuildFile; fileRef = AA100004 /* trossachs_route_planner.html */; };
		AA000005 /* trossachs_nav_graph.json in Resources */ = {isa = PBXBuildFile; fileRef = AA100005 /* trossachs_nav_graph.json */; };
		AA000009 /* trossachs_nav_graph_embed.js in Resources */ = {isa = PBXBuildFile; fileRef = AA100009 /* trossachs_nav_graph_embed.js */; };
		AA000010 /* sammamish_nav_graph.json in Resources */ = {isa = PBXBuildFile; fileRef = AA100010 /* sammamish_nav_graph.json */; };
		AA000011 /* sammamish_nav_graph_embed.js in Resources */ = {isa = PBXBuildFile; fileRef = AA100011 /* sammamish_nav_graph_embed.js */; };
		AA000012 /* issaquah_nav_graph.json in Resources */ = {isa = PBXBuildFile; fileRef = AA100012 /* issaquah_nav_graph.json */; };
		AA000013 /* issaquah_nav_graph_embed.js in Resources */ = {isa = PBXBuildFile; fileRef = AA100013 /* issaquah_nav_graph_embed.js */; };
		AA000008 /* Assets.xcassets in Resources */ = {isa = PBXBuildFile; fileRef = AA100008 /* Assets.xcassets */; };
/* End PBXBuildFile section */

/* Begin PBXFileReference section */
		AA100001 /* trossachs_navigation_app.swift */ = {isa = PBXFileReference; lastKnownFileType = sourcecode.swift; path = trossachs_navigation_app.swift; sourceTree = "<group>"; };
		AA100002 /* web_view.swift */ = {isa = PBXFileReference; lastKnownFileType = sourcecode.swift; path = web_view.swift; sourceTree = "<group>"; };
		AA100003 /* content_view.swift */ = {isa = PBXFileReference; lastKnownFileType = sourcecode.swift; path = content_view.swift; sourceTree = "<group>"; };
		AA100004 /* trossachs_route_planner.html */ = {isa = PBXFileReference; lastKnownFileType = text.html; path = trossachs_route_planner.html; sourceTree = "<group>"; };
		AA100005 /* trossachs_nav_graph.json */ = {isa = PBXFileReference; lastKnownFileType = text.json; path = trossachs_nav_graph.json; sourceTree = "<group>"; };
		AA100009 /* trossachs_nav_graph_embed.js */ = {isa = PBXFileReference; lastKnownFileType = sourcecode.javascript; path = trossachs_nav_graph_embed.js; sourceTree = "<group>"; };
		AA100010 /* sammamish_nav_graph.json */ = {isa = PBXFileReference; lastKnownFileType = text.json; path = sammamish_nav_graph.json; sourceTree = "<group>"; };
		AA100011 /* sammamish_nav_graph_embed.js */ = {isa = PBXFileReference; lastKnownFileType = sourcecode.javascript; path = sammamish_nav_graph_embed.js; sourceTree = "<group>"; };
		AA100012 /* issaquah_nav_graph.json */ = {isa = PBXFileReference; lastKnownFileType = text.json; path = issaquah_nav_graph.json; sourceTree = "<group>"; };
		AA100013 /* issaquah_nav_graph_embed.js */ = {isa = PBXFileReference; lastKnownFileType = sourcecode.javascript; path = issaquah_nav_graph_embed.js; sourceTree = "<group>"; };
		AA100006 /* Info.plist */ = {isa = PBXFileReference; lastKnownFileType = text.plist.xml; path = Info.plist; sourceTree = "<group>"; };
		AA100007 /* stable_text_field.swift */ = {isa = PBXFileReference; lastKnownFileType = sourcecode.swift; path = stable_text_field.swift; sourceTree = "<group>"; };
		AA100008 /* Assets.xcassets */ = {isa = PBXFileReference; lastKnownFileType = folder.assetcatalog; path = Assets.xcassets; sourceTree = "<group>"; };
		AA200001 /* Trossachs Navigation.app */ = {isa = PBXFileReference; explicitFileType = wrapper.application; includeInIndex = 0; path = "Trossachs Navigation.app"; sourceTree = BUILT_PRODUCTS_DIR; };
/* End PBXFileReference section */

/* Begin PBXFrameworksBuildPhase section */
		AA300001 /* Frameworks */ = {
			isa = PBXFrameworksBuildPhase;
			buildActionMask = 2147483647;
			files = (
			);
			runOnlyForDeploymentPostprocessing = 0;
		};
/* End PBXFrameworksBuildPhase section */

/* Begin PBXGroup section */
		AA400001 = {
			isa = PBXGroup;
			children = (
				AA400002 /* trossachs_navigation */,
				AA400003 /* Products */,
			);
			sourceTree = "<group>";
		};
		AA400002 /* trossachs_navigation */ = {
			isa = PBXGroup;
			children = (
				AA100001 /* trossachs_navigation_app.swift */,
				AA100002 /* web_view.swift */,
				AA100003 /* content_view.swift */,
				AA100004 /* trossachs_route_planner.html */,
				AA100005 /* trossachs_nav_graph.json */,
				AA100009 /* trossachs_nav_graph_embed.js */,
				AA100010 /* sammamish_nav_graph.json */,
				AA100011 /* sammamish_nav_graph_embed.js */,
				AA100012 /* issaquah_nav_graph.json */,
				AA100013 /* issaquah_nav_graph_embed.js */,
				AA100006 /* Info.plist */,
				AA100007 /* stable_text_field.swift */,
				AA100008 /* Assets.xcassets */,
			);
			path = trossachs_navigation;
			sourceTree = "<group>";
		};
		AA400003 /* Products */ = {
			isa = PBXGroup;
			children = (
				AA200001 /* Trossachs Navigation.app */,
			);
			name = Products;
			sourceTree = "<group>";
		};
/* End PBXGroup section */

/* Begin PBXNativeTarget section */
		AA500001 /* TrossachsNavigation */ = {
			isa = PBXNativeTarget;
			buildConfigurationList = AA700001 /* Build configuration list for PBXNativeTarget "TrossachsNavigation" */;
			buildPhases = (
				AA600001 /* Sources */,
				AA300001 /* Frameworks */,
				AA600002 /* Resources */,
			);
			buildRules = (
			);
			dependencies = (
			);
			name = TrossachsNavigation;
			productName = TrossachsNavigation;
			productReference = AA200001 /* Trossachs Navigation.app */;
			productType = "com.apple.product-type.application";
		};
/* End PBXNativeTarget section */

/* Begin PBXProject section */
		AA800001 /* Project object */ = {
			isa = PBXProject;
			attributes = {
				BuildIndependentTargetsInParallel = 1;
				LastSwiftUpdateCheck = 1500;
				LastUpgradeCheck = 1500;
				TargetAttributes = {
					AA500001 = {
						CreatedOnToolsVersion = 15.0;
					};
				};
			};
			buildConfigurationList = AA700002 /* Build configuration list for PBXProject "trossachs_navigation" */;
			compatibilityVersion = "Xcode 14.0";
			developmentRegion = en;
			hasScannedForEncodings = 0;
			knownRegions = (
				en,
				Base,
			);
			mainGroup = AA400001;
			productRefGroup = AA400003 /* Products */;
			projectDirPath = "";
			projectRoot = "";
			targets = (
				AA500001 /* TrossachsNavigation */,
			);
		};
/* End PBXProject section */

/* Begin PBXResourcesBuildPhase section */
		AA600002 /* Resources */ = {
			isa = PBXResourcesBuildPhase;
			buildActionMask = 2147483647;
			files = (
				AA000004 /* trossachs_route_planner.html in Resources */,
				AA000005 /* trossachs_nav_graph.json in Resources */,
				AA000009 /* trossachs_nav_graph_embed.js in Resources */,
				AA000010 /* sammamish_nav_graph.json in Resources */,
				AA000011 /* sammamish_nav_graph_embed.js in Resources */,
				AA000012 /* issaquah_nav_graph.json in Resources */,
				AA000013 /* issaquah_nav_graph_embed.js in Resources */,
				AA000008 /* Assets.xcassets in Resources */,
			);
			runOnlyForDeploymentPostprocessing = 0;
		};
/* End PBXResourcesBuildPhase section */

/* Begin PBXSourcesBuildPhase section */
		AA600001 /* Sources */ = {
			isa = PBXSourcesBuildPhase;
			buildActionMask = 2147483647;
			files = (
				AA000001 /* trossachs_navigation_app.swift in Sources */,
				AA000002 /* web_view.swift in Sources */,
				AA000003 /* content_view.swift in Sources */,
				AA000007 /* stable_text_field.swift in Sources */,
			);
			runOnlyForDeploymentPostprocessing = 0;
		};
/* End PBXSourcesBuildPhase section */

/* Begin XCBuildConfiguration section */
		AA900001 /* Debug */ = {
			isa = XCBuildConfiguration;
			buildSettings = {
				ALWAYS_SEARCH_USER_PATHS = NO;
				CLANG_ENABLE_MODULES = YES;
				CLANG_ENABLE_OBJC_ARC = YES;
				IPHONEOS_DEPLOYMENT_TARGET = 17.0;
				ONLY_ACTIVE_ARCH = YES;
				SDKROOT = iphoneos;
				SWIFT_OPTIMIZATION_LEVEL = "-Onone";
				SWIFT_VERSION = 5.0;
			};
			name = Debug;
		};
		AA900002 /* Release */ = {
			isa = XCBuildConfiguration;
			buildSettings = {
				ALWAYS_SEARCH_USER_PATHS = NO;
				CLANG_ENABLE_MODULES = YES;
				CLANG_ENABLE_OBJC_ARC = YES;
				IPHONEOS_DEPLOYMENT_TARGET = 17.0;
				SDKROOT = iphoneos;
				SWIFT_COMPILATION_MODE = wholemodule;
				SWIFT_VERSION = 5.0;
				VALIDATE_PRODUCT = YES;
			};
			name = Release;
		};
		AA900003 /* Debug */ = {
			isa = XCBuildConfiguration;
			buildSettings = {
				CODE_SIGN_STYLE = Automatic;
				ASSETCATALOG_COMPILER_APPICON_NAME = AppIcon;
				CURRENT_PROJECT_VERSION = 1;
				DEVELOPMENT_TEAM = US7F2K9645;
				GENERATE_INFOPLIST_FILE = NO;
				INFOPLIST_FILE = trossachs_navigation/Info.plist;
				INFOPLIST_KEY_UIApplicationSceneManifest_Generation = YES;
				INFOPLIST_KEY_UILaunchScreen_Generation = YES;
				INFOPLIST_KEY_UISupportedInterfaceOrientations_iPhone = UIInterfaceOrientationPortrait;
				LD_RUNPATH_SEARCH_PATHS = (
					"$(inherited)",
					"@executable_path/Frameworks",
				);
				MARKETING_VERSION = 1.0;
				PRODUCT_BUNDLE_IDENTIFIER = com.trossachs.navigation;
				PRODUCT_NAME = "Trossachs Navigation";
				SWIFT_EMIT_LOC_STRINGS = YES;
				SWIFT_VERSION = 5.0;
				TARGETED_DEVICE_FAMILY = 1;
			};
			name = Debug;
		};
		AA900004 /* Release */ = {
			isa = XCBuildConfiguration;
			buildSettings = {
				CODE_SIGN_STYLE = Automatic;
				ASSETCATALOG_COMPILER_APPICON_NAME = AppIcon;
				CURRENT_PROJECT_VERSION = 1;
				DEVELOPMENT_TEAM = US7F2K9645;
				GENERATE_INFOPLIST_FILE = NO;
				INFOPLIST_FILE = trossachs_navigation/Info.plist;
				INFOPLIST_KEY_UIApplicationSceneManifest_Generation = YES;
				INFOPLIST_KEY_UILaunchScreen_Generation = YES;
				INFOPLIST_KEY_UISupportedInterfaceOrientations_iPhone = UIInterfaceOrientationPortrait;
				LD_RUNPATH_SEARCH_PATHS = (
					"$(inherited)",
					"@executable_path/Frameworks",
				);
				MARKETING_VERSION = 1.0;
				PRODUCT_BUNDLE_IDENTIFIER = com.trossachs.navigation;
				PRODUCT_NAME = "Trossachs Navigation";
				SWIFT_EMIT_LOC_STRINGS = YES;
				SWIFT_VERSION = 5.0;
				TARGETED_DEVICE_FAMILY = 1;
			};
			name = Release;
		};
/* End XCBuildConfiguration section */

/* Begin XCConfigurationList section */
		AA700001 /* Build configuration list for PBXNativeTarget "TrossachsNavigation" */ = {
			isa = XCConfigurationList;
			buildConfigurations = (
				AA900003 /* Debug */,
				AA900004 /* Release */,
			);
			defaultConfigurationIsVisible = 0;
			defaultConfigurationName = Release;
		};
		AA700002 /* Build configuration list for PBXProject "trossachs_navigation" */ = {
			isa = XCConfigurationList;
			buildConfigurations = (
				AA900001 /* Debug */,
				AA900002 /* Release */,
			);
			defaultConfigurationIsVisible = 0;
			defaultConfigurationName = Release;
		};
/* End XCConfigurationList section */
	};
	rootObject = AA800001 /* Project object */;
}
